{
  "version": 4,
  "terraform_version": "1.13.0",
  "serial": 55,
  "lineage": "3f722311-2f56-198f-a7da-42cfc0caad1e",
  "outputs": {
    "acr_admin_password": {
      "value": "SsnFVBlIu4ePu6Mh+FJ+aJTUzsUcRZgS8ut3304Npr+ACRAU9u4V",
      "type": "string",
      "sensitive": true
    },
    "acr_admin_username": {
      "value": "portfolioacrqpnhpl",
      "type": "string"
    },
    "acr_login_server": {
      "value": "portfolioacrqpnhpl.azurecr.io",
      "type": "string"
    },
    "key_vault_id": {
      "value": "/subscriptions/945fbf19-fca5-4cb8-9924-2512c0381d15/resourceGroups/portfolio-resource-group/providers/Microsoft.KeyVault/vaults/portfolio-kv-qpnhpl",
      "type": "string"
    },
    "key_vault_name": {
      "value": "portfolio-kv-qpnhpl",
      "type": "string"
    },
    "public_ip_address": {
      "value": "172.161.91.182",
      "type": "string"
    },
    "random_string_suffix": {
      "value": "qpnhpl",
      "type": "string"
    },
    "storage_account_name": {
      "value": "portfoliobackupqpnhpl",
      "type": "string"
    }
  },
  "resources": [
    {
      "mode": "data",
      "type": "azurerm_client_config",
      "name": "current",
      "provider": "provider[\"registry.terraform.io/hashicorp/azurerm\"]",
      "instances": [
        {
          "schema_version": 0,
          "attributes": {
            "client_id": "b0cb36ba-0ef4-45c0-a8ff-3dff41de5ee0",
            "id": "Y2xpZW50Q29uZmlncy9jbGllbnRJZD1iMGNiMzZiYS0wZWY0LTQ1YzAtYThmZi0zZGZmNDFkZTVlZTA7b2JqZWN0SWQ9OWZkZTBhNTAtNzJkMi00YWU5LWFhMTAtZTljN2E0ZTNiOGU1O3N1YnNjcmlwdGlvbklkPTk0NWZiZjE5LWZjYTUtNGNiOC05OTI0LTI1MTJjMDM4MWQxNTt0ZW5hbnRJZD1kYmQ2NjY0ZC00ZWI5LTQ2ZWItOTlkOC01YzQzYmExNTNjNjE=",
            "object_id": "9fde0a50-72d2-4ae9-aa10-e9c7a4e3b8e5",
            "subscription_id": "945fbf19-fca5-4cb8-9924-2512c0381d15",
            "tenant_id": "dbd6664d-4eb9-46eb-99d8-5c43ba153c61",
            "timeouts": null
          },
          "sensitive_attributes": [],
          "identity_schema_version": 0
        }
      ]
    },
    {
      "mode": "managed",
      "type": "azurerm_bastion_host",
      "name": "portfolio_bastion",
      "provider": "provider[\"registry.terraform.io/hashicorp/azurerm\"]",
      "instances": [
        {
          "schema_version": 0,
          "attributes": {
            "copy_paste_enabled": true,
            "dns_name": "bst-84871151-2e83-481a-8fc0-8349014b7a4a.bastion.azure.com",
            "file_copy_enabled": false,
            "id": "/subscriptions/945fbf19-fca5-4cb8-9924-2512c0381d15/resourceGroups/portfolio-resource-group/providers/Microsoft.Network/bastionHosts/portfolio-bastion",
            "ip_configuration": [
              {
                "name": "configuration",
                "public_ip_address_id": "/subscriptions/945fbf19-fca5-4cb8-9924-2512c0381d15/resourceGroups/portfolio-resource-group/providers/Microsoft.Network/publicIPAddresses/bastion-public-ip",
                "subnet_id": "/subscriptions/945fbf19-fca5-4cb8-9924-2512c0381d15/resourceGroups/portfolio-resource-group/providers/Microsoft.Network/virtualNetworks/portfolio-vnet/subnets/AzureBastionSubnet"
              }
            ],
            "ip_connect_enabled": false,
            "kerberos_enabled": false,
            "location": "switzerlandnorth",
            "name": "portfolio-bastion",
            "resource_group_name": "portfolio-resource-group",
            "scale_units": 2,
            "shareable_link_enabled": false,
            "sku": "Standard",
            "tags": {},
            "timeouts": null,
            "tunneling_enabled": true,
            "virtual_network_id": ""
          },
          "sensitive_attributes": [],
          "identity_schema_version": 0,
          "private": "eyJlMmJmYjczMC1lY2FhLTExZTYtOGY4OC0zNDM2M2JjN2M0YzAiOnsiY3JlYXRlIjoxODAwMDAwMDAwMDAwLCJkZWxldGUiOjE4MDAwMDAwMDAwMDAsInJlYWQiOjMwMDAwMDAwMDAwMCwidXBkYXRlIjoxODAwMDAwMDAwMDAwfX0=",
          "dependencies": [
            "azurerm_public_ip.bastion_public_ip",
            "azurerm_resource_group.portfolio_rg",
            "azurerm_subnet.bastion_subnet",
            "azurerm_virtual_network.portfolio_vnet"
          ]
        }
      ]
    },
    {
      "mode": "managed",
      "type": "azurerm_container_registry",
      "name": "portfolio_acr",
      "provider": "provider[\"registry.terraform.io/hashicorp/azurerm\"]",
      "instances": [
        {
          "schema_version": 2,
          "attributes": {
            "admin_enabled": true,
            "admin_password": "SsnFVBlIu4ePu6Mh+FJ+aJTUzsUcRZgS8ut3304Npr+ACRAU9u4V",
            "admin_username": "portfolioacrqpnhpl",
            "anonymous_pull_enabled": false,
            "data_endpoint_enabled": false,
            "encryption": [
              {
                "enabled": false,
                "identity_client_id": "",
                "key_vault_key_id": ""
              }
            ],
            "export_policy_enabled": true,
            "georeplications": [],
            "id": "/subscriptions/945fbf19-fca5-4cb8-9924-2512c0381d15/resourceGroups/portfolio-resource-group/providers/Microsoft.ContainerRegistry/registries/portfolioacrqpnhpl",
            "identity": [],
            "location": "switzerlandnorth",
            "login_server": "portfolioacrqpnhpl.azurecr.io",
            "name": "portfolioacrqpnhpl",
            "network_rule_bypass_option": "AzureServices",
            "network_rule_set": [],
            "public_network_access_enabled": true,
            "quarantine_policy_enabled": false,
            "resource_group_name": "portfolio-resource-group",
            "retention_policy": [
              {
                "days": 7,
                "enabled": false
              }
            ],
            "sku": "Basic",
            "tags": {},
            "timeouts": null,
            "trust_policy": [
              {
                "enabled": false
              }
            ],
            "zone_redundancy_enabled": false
          },
          "sensitive_attributes": [
            [
              {
                "type": "get_attr",
                "value": "admin_password"
              }
            ]
          ],
          "identity_schema_version": 0,
          "private": "eyJlMmJmYjczMC1lY2FhLTExZTYtOGY4OC0zNDM2M2JjN2M0YzAiOnsiY3JlYXRlIjoxODAwMDAwMDAwMDAwLCJkZWxldGUiOjE4MDAwMDAwMDAwMDAsInJlYWQiOjMwMDAwMDAwMDAwMCwidXBkYXRlIjoxODAwMDAwMDAwMDAwfSwic2NoZW1hX3ZlcnNpb24iOiIyIn0=",
          "dependencies": [
            "azurerm_resource_group.portfolio_rg",
            "random_string.suffix"
          ]
        }
      ]
    },
    {
      "mode": "managed",
      "type": "azurerm_key_vault",
      "name": "portfolio_kv",
      "provider": "provider[\"registry.terraform.io/hashicorp/azurerm\"]",
      "instances": [
        {
          "schema_version": 2,
          "attributes": {
            "access_policy": [
              {
                "application_id": "",
                "certificate_permissions": [
                  "Get",
                  "List",
                  "Create",
                  "Delete",
                  "Recover",
                  "Backup",
                  "Restore"
                ],
                "key_permissions": [],
                "object_id": "9fde0a50-72d2-4ae9-aa10-e9c7a4e3b8e5",
                "secret_permissions": [
                  "Get",
                  "List",
                  "Set",
                  "Delete",
                  "Recover",
                  "Backup",
                  "Restore"
                ],
                "storage_permissions": [],
                "tenant_id": "dbd6664d-4eb9-46eb-99d8-5c43ba153c61"
              },
              {
                "application_id": "",
                "certificate_permissions": [],
                "key_permissions": [],
                "object_id": "74cde3e6-cb70-4676-8d0b-f32433d9aa52",
                "secret_permissions": [
                  "Get",
                  "List"
                ],
                "storage_permissions": [],
                "tenant_id": "dbd6664d-4eb9-46eb-99d8-5c43ba153c61"
              },
              {
                "application_id": "",
                "certificate_permissions": [],
                "key_permissions": [],
                "object_id": "bf9206f8-b201-443a-9eb8-9389c69993f1",
                "secret_permissions": [
                  "Get",
                  "List"
                ],
                "storage_permissions": [],
                "tenant_id": "dbd6664d-4eb9-46eb-99d8-5c43ba153c61"
              }
            ],
            "contact": [],
            "enable_rbac_authorization": false,
            "enabled_for_deployment": false,
            "enabled_for_disk_encryption": false,
            "enabled_for_template_deployment": false,
            "id": "/subscriptions/945fbf19-fca5-4cb8-9924-2512c0381d15/resourceGroups/portfolio-resource-group/providers/Microsoft.KeyVault/vaults/portfolio-kv-qpnhpl",
            "location": "switzerlandnorth",
            "name": "portfolio-kv-qpnhpl",
            "network_acls": [
              {
                "bypass": "AzureServices",
                "default_action": "Allow",
                "ip_rules": [],
                "virtual_network_subnet_ids": []
              }
            ],
            "public_network_access_enabled": true,
            "purge_protection_enabled": false,
            "resource_group_name": "portfolio-resource-group",
            "sku_name": "standard",
            "soft_delete_retention_days": 7,
            "tags": {},
            "tenant_id": "dbd6664d-4eb9-46eb-99d8-5c43ba153c61",
            "timeouts": null,
            "vault_uri": "https://portfolio-kv-qpnhpl.vault.azure.net/"
          },
          "sensitive_attributes": [],
          "identity_schema_version": 0,
          "private": "eyJlMmJmYjczMC1lY2FhLTExZTYtOGY4OC0zNDM2M2JjN2M0YzAiOnsiY3JlYXRlIjoxODAwMDAwMDAwMDAwLCJkZWxldGUiOjE4MDAwMDAwMDAwMDAsInJlYWQiOjMwMDAwMDAwMDAwMCwidXBkYXRlIjoxODAwMDAwMDAwMDAwfSwic2NoZW1hX3ZlcnNpb24iOiIyIn0=",
          "dependencies": [
            "azurerm_resource_group.portfolio_rg",
            "random_string.suffix"
          ]
        }
      ]
    },
    {
      "mode": "managed",
      "type": "azurerm_key_vault_access_policy",
      "name": "user_policy",
      "provider": "provider[\"registry.terraform.io/hashicorp/azurerm\"]",
      "instances": [
        {
          "schema_version": 0,
          "attributes": {
            "application_id": null,
            "certificate_permissions": null,
            "id": "/subscriptions/945fbf19-fca5-4cb8-9924-2512c0381d15/resourceGroups/portfolio-resource-group/providers/Microsoft.KeyVault/vaults/portfolio-kv-qpnhpl/objectId/5e5bdadd-3db7-4620-92de-321e718f5a88",
            "key_permissions": null,
            "key_vault_id": "/subscriptions/945fbf19-fca5-4cb8-9924-2512c0381d15/resourceGroups/portfolio-resource-group/providers/Microsoft.KeyVault/vaults/portfolio-kv-qpnhpl",
            "object_id": "5e5bdadd-3db7-4620-92de-321e718f5a88",
            "secret_permissions": [
              "Get",
              "List",
              "Set",
              "Delete"
            ],
            "storage_permissions": null,
            "tenant_id": "dbd6664d-4eb9-46eb-99d8-5c43ba153c61",
            "timeouts": null
          },
          "sensitive_attributes": [],
          "identity_schema_version": 0,
          "private": "eyJlMmJmYjczMC1lY2FhLTExZTYtOGY4OC0zNDM2M2JjN2M0YzAiOnsiY3JlYXRlIjoxODAwMDAwMDAwMDAwLCJkZWxldGUiOjE4MDAwMDAwMDAwMDAsInJlYWQiOjMwMDAwMDAwMDAwMCwidXBkYXRlIjoxODAwMDAwMDAwMDAwfX0=",
          "dependencies": [
            "azurerm_key_vault.portfolio_kv",
            "azurerm_resource_group.portfolio_rg",
            "random_string.suffix"
          ]
        }
      ]
    },
    {
      "mode": "managed",
      "type": "azurerm_key_vault_access_policy",
      "name": "vm0_policy",
      "provider": "provider[\"registry.terraform.io/hashicorp/azurerm\"]",
      "instances": [
        {
          "schema_version": 0,
          "attributes": {
            "application_id": "",
            "certificate_permissions": [],
            "id": "/subscriptions/945fbf19-fca5-4cb8-9924-2512c0381d15/resourceGroups/portfolio-resource-group/providers/Microsoft.KeyVault/vaults/portfolio-kv-qpnhpl/objectId/74cde3e6-cb70-4676-8d0b-f32433d9aa52",
            "key_permissions": [],
            "key_vault_id": "/subscriptions/945fbf19-fca5-4cb8-9924-2512c0381d15/resourceGroups/portfolio-resource-group/providers/Microsoft.KeyVault/vaults/portfolio-kv-qpnhpl",
            "object_id": "74cde3e6-cb70-4676-8d0b-f32433d9aa52",
            "secret_permissions": [
              "Get",
              "List"
            ],
            "storage_permissions": [],
            "tenant_id": "dbd6664d-4eb9-46eb-99d8-5c43ba153c61",
            "timeouts": null
          },
          "sensitive_attributes": [],
          "identity_schema_version": 0,
          "private": "eyJlMmJmYjczMC1lY2FhLTExZTYtOGY4OC0zNDM2M2JjN2M0YzAiOnsiY3JlYXRlIjoxODAwMDAwMDAwMDAwLCJkZWxldGUiOjE4MDAwMDAwMDAwMDAsInJlYWQiOjMwMDAwMDAwMDAwMCwidXBkYXRlIjoxODAwMDAwMDAwMDAwfSwic2NoZW1hX3ZlcnNpb24iOiIwIn0="
        }
      ]
    },
    {
      "mode": "managed",
      "type": "azurerm_key_vault_access_policy",
      "name": "vm1_policy",
      "provider": "provider[\"registry.terraform.io/hashicorp/azurerm\"]",
      "instances": [
        {
          "schema_version": 0,
          "attributes": {
            "application_id": "",
            "certificate_permissions": [],
            "id": "/subscriptions/945fbf19-fca5-4cb8-9924-2512c0381d15/resourceGroups/portfolio-resource-group/providers/Microsoft.KeyVault/vaults/portfolio-kv-qpnhpl/objectId/bf9206f8-b201-443a-9eb8-9389c69993f1",
            "key_permissions": [],
            "key_vault_id": "/subscriptions/945fbf19-fca5-4cb8-9924-2512c0381d15/resourceGroups/portfolio-resource-group/providers/Microsoft.KeyVault/vaults/portfolio-kv-qpnhpl",
            "object_id": "bf9206f8-b201-443a-9eb8-9389c69993f1",
            "secret_permissions": [
              "Get",
              "List"
            ],
            "storage_permissions": [],
            "tenant_id": "dbd6664d-4eb9-46eb-99d8-5c43ba153c61",
            "timeouts": null
          },
          "sensitive_attributes": [],
          "identity_schema_version": 0,
          "private": "eyJlMmJmYjczMC1lY2FhLTExZTYtOGY4OC0zNDM2M2JjN2M0YzAiOnsiY3JlYXRlIjoxODAwMDAwMDAwMDAwLCJkZWxldGUiOjE4MDAwMDAwMDAwMDAsInJlYWQiOjMwMDAwMDAwMDAwMCwidXBkYXRlIjoxODAwMDAwMDAwMDAwfSwic2NoZW1hX3ZlcnNpb24iOiIwIn0="
        }
      ]
    },
    {
      "mode": "managed",
      "type": "azurerm_key_vault_secret",
      "name": "web3forms_key",
      "provider": "provider[\"registry.terraform.io/hashicorp/azurerm\"]",
      "instances": [
        {
          "schema_version": 0,
          "attributes": {
            "content_type": "",
            "expiration_date": null,
            "id": "https://portfolio-kv-qpnhpl.vault.azure.net/secrets/web3forms-key/3cd3cf97ae83473f81deba1742b61fd9",
            "key_vault_id": "/subscriptions/945fbf19-fca5-4cb8-9924-2512c0381d15/resourceGroups/portfolio-resource-group/providers/Microsoft.KeyVault/vaults/portfolio-kv-qpnhpl",
            "name": "web3forms-key",
            "not_before_date": null,
            "resource_id": "/subscriptions/945fbf19-fca5-4cb8-9924-2512c0381d15/resourceGroups/portfolio-resource-group/providers/Microsoft.KeyVault/vaults/portfolio-kv-qpnhpl/secrets/web3forms-key/versions/3cd3cf97ae83473f81deba1742b61fd9",
            "resource_versionless_id": "/subscriptions/945fbf19-fca5-4cb8-9924-2512c0381d15/resourceGroups/portfolio-resource-group/providers/Microsoft.KeyVault/vaults/portfolio-kv-qpnhpl/secrets/web3forms-key",
            "tags": {},
            "timeouts": null,
            "value": "2c9fd323-8bb8-4cca-8dcb-6e31ce7b3446",
            "version": "3cd3cf97ae83473f81deba1742b61fd9",
            "versionless_id": "https://portfolio-kv-qpnhpl.vault.azure.net/secrets/web3forms-key"
          },
          "sensitive_attributes": [
            [
              {
                "type": "get_attr",
                "value": "value"
              }
            ]
          ],
          "identity_schema_version": 0,
          "private": "eyJlMmJmYjczMC1lY2FhLTExZTYtOGY4OC0zNDM2M2JjN2M0YzAiOnsiY3JlYXRlIjoxODAwMDAwMDAwMDAwLCJkZWxldGUiOjE4MDAwMDAwMDAwMDAsInJlYWQiOjE4MDAwMDAwMDAwMDAsInVwZGF0ZSI6MTgwMDAwMDAwMDAwMH19",
          "dependencies": [
            "azurerm_key_vault.portfolio_kv",
            "azurerm_resource_group.portfolio_rg",
            "random_string.suffix"
          ]
        }
      ]
    },
    {
      "mode": "managed",
      "type": "azurerm_lb",
      "name": "portfolio_lb",
      "provider": "provider[\"registry.terraform.io/hashicorp/azurerm\"]",
      "instances": [
        {
          "schema_version": 0,
          "attributes": {
            "edge_zone": "",
            "frontend_ip_configuration": [
              {
                "gateway_load_balancer_frontend_ip_configuration_id": "",
                "id": "/subscriptions/945fbf19-fca5-4cb8-9924-2512c0381d15/resourceGroups/portfolio-resource-group/providers/Microsoft.Network/loadBalancers/portfolio-lb/frontendIPConfigurations/public-ip-config",
                "inbound_nat_rules": [],
                "load_balancer_rules": [
                  "/subscriptions/945fbf19-fca5-4cb8-9924-2512c0381d15/resourceGroups/portfolio-resource-group/providers/Microsoft.Network/loadBalancers/portfolio-lb/loadBalancingRules/http-rule"
                ],
                "name": "public-ip-config",
                "outbound_rules": [],
                "private_ip_address": "",
                "private_ip_address_allocation": "Dynamic",
                "private_ip_address_version": "",
                "public_ip_address_id": "/subscriptions/945fbf19-fca5-4cb8-9924-2512c0381d15/resourceGroups/portfolio-resource-group/providers/Microsoft.Network/publicIPAddresses/portfolio-public-ip",
                "public_ip_prefix_id": "",
                "subnet_id": "",
                "zones": []
              }
            ],
            "id": "/subscriptions/945fbf19-fca5-4cb8-9924-2512c0381d15/resourceGroups/portfolio-resource-group/providers/Microsoft.Network/loadBalancers/portfolio-lb",
            "location": "switzerlandnorth",
            "name": "portfolio-lb",
            "private_ip_address": "",
            "private_ip_addresses": [],
            "resource_group_name": "portfolio-resource-group",
            "sku": "Standard",
            "sku_tier": "Regional",
            "tags": {},
            "timeouts": null
          },
          "sensitive_attributes": [],
          "identity_schema_version": 0,
          "private": "eyJlMmJmYjczMC1lY2FhLTExZTYtOGY4OC0zNDM2M2JjN2M0YzAiOnsiY3JlYXRlIjoxODAwMDAwMDAwMDAwLCJkZWxldGUiOjE4MDAwMDAwMDAwMDAsInJlYWQiOjMwMDAwMDAwMDAwMCwidXBkYXRlIjoxODAwMDAwMDAwMDAwfX0=",
          "dependencies": [
            "azurerm_public_ip.portfolio_public_ip",
            "azurerm_resource_group.portfolio_rg"
          ]
        }
      ]
    },
    {
      "mode": "managed",
      "type": "azurerm_lb_backend_address_pool",
      "name": "portfolio_backend_pool",
      "provider": "provider[\"registry.terraform.io/hashicorp/azurerm\"]",
      "instances": [
        {
          "schema_version": 0,
          "attributes": {
            "backend_ip_configurations": [
              "/subscriptions/945fbf19-fca5-4cb8-9924-2512c0381d15/resourceGroups/portfolio-resource-group/providers/Microsoft.Network/networkInterfaces/portfolio-nic-0/ipConfigurations/internal",
              "/subscriptions/945fbf19-fca5-4cb8-9924-2512c0381d15/resourceGroups/portfolio-resource-group/providers/Microsoft.Network/networkInterfaces/portfolio-nic-1/ipConfigurations/internal"
            ],
            "id": "/subscriptions/945fbf19-fca5-4cb8-9924-2512c0381d15/resourceGroups/portfolio-resource-group/providers/Microsoft.Network/loadBalancers/portfolio-lb/backendAddressPools/portfolio-backend-pool",
            "inbound_nat_rules": [],
            "load_balancing_rules": [
              "/subscriptions/945fbf19-fca5-4cb8-9924-2512c0381d15/resourceGroups/portfolio-resource-group/providers/Microsoft.Network/loadBalancers/portfolio-lb/loadBalancingRules/http-rule"
            ],
            "loadbalancer_id": "/subscriptions/945fbf19-fca5-4cb8-9924-2512c0381d15/resourceGroups/portfolio-resource-group/providers/Microsoft.Network/loadBalancers/portfolio-lb",
            "name": "portfolio-backend-pool",
            "outbound_rules": [],
            "synchronous_mode": "",
            "timeouts": null,
            "tunnel_interface": [],
            "virtual_network_id": ""
          },
          "sensitive_attributes": [],
          "identity_schema_version": 0,
          "private": "eyJlMmJmYjczMC1lY2FhLTExZTYtOGY4OC0zNDM2M2JjN2M0YzAiOnsiY3JlYXRlIjoxODAwMDAwMDAwMDAwLCJkZWxldGUiOjE4MDAwMDAwMDAwMDAsInJlYWQiOjMwMDAwMDAwMDAwMCwidXBkYXRlIjoxODAwMDAwMDAwMDAwfX0=",
          "dependencies": [
            "azurerm_lb.portfolio_lb",
            "azurerm_public_ip.portfolio_public_ip",
            "azurerm_resource_group.portfolio_rg"
          ]
        }
      ]
    },
    {
      "mode": "managed",
      "type": "azurerm_lb_probe",
      "name": "portfolio_probe",
      "provider": "provider[\"registry.terraform.io/hashicorp/azurerm\"]",
      "instances": [
        {
          "schema_version": 0,
          "attributes": {
            "id": "/subscriptions/945fbf19-fca5-4cb8-9924-2512c0381d15/resourceGroups/portfolio-resource-group/providers/Microsoft.Network/loadBalancers/portfolio-lb/probes/http-probe",
            "interval_in_seconds": 15,
            "load_balancer_rules": [
              "/subscriptions/945fbf19-fca5-4cb8-9924-2512c0381d15/resourceGroups/portfolio-resource-group/providers/Microsoft.Network/loadBalancers/portfolio-lb/loadBalancingRules/http-rule"
            ],
            "loadbalancer_id": "/subscriptions/945fbf19-fca5-4cb8-9924-2512c0381d15/resourceGroups/portfolio-resource-group/providers/Microsoft.Network/loadBalancers/portfolio-lb",
            "name": "http-probe",
            "number_of_probes": 2,
            "port": 3000,
            "probe_threshold": 1,
            "protocol": "Http",
            "request_path": "/",
            "timeouts": null
          },
          "sensitive_attributes": [],
          "identity_schema_version": 0,
          "private": "eyJlMmJmYjczMC1lY2FhLTExZTYtOGY4OC0zNDM2M2JjN2M0YzAiOnsiY3JlYXRlIjoxODAwMDAwMDAwMDAwLCJkZWxldGUiOjE4MDAwMDAwMDAwMDAsInJlYWQiOjMwMDAwMDAwMDAwMCwidXBkYXRlIjoxODAwMDAwMDAwMDAwfX0=",
          "dependencies": [
            "azurerm_lb.portfolio_lb",
            "azurerm_public_ip.portfolio_public_ip",
            "azurerm_resource_group.portfolio_rg"
          ]
        }
      ]
    },
    {
      "mode": "managed",
      "type": "azurerm_lb_rule",
      "name": "portfolio_lb_rule",
      "provider": "provider[\"registry.terraform.io/hashicorp/azurerm\"]",
      "instances": [
        {
          "schema_version": 0,
          "attributes": {
            "backend_address_pool_ids": [
              "/subscriptions/945fbf19-fca5-4cb8-9924-2512c0381d15/resourceGroups/portfolio-resource-group/providers/Microsoft.Network/loadBalancers/portfolio-lb/backendAddressPools/portfolio-backend-pool"
            ],
            "backend_port": 3000,
            "disable_outbound_snat": false,
            "enable_floating_ip": false,
            "enable_tcp_reset": false,
            "frontend_ip_configuration_id": "/subscriptions/945fbf19-fca5-4cb8-9924-2512c0381d15/resourceGroups/portfolio-resource-group/providers/Microsoft.Network/loadBalancers/portfolio-lb/frontendIPConfigurations/public-ip-config",
            "frontend_ip_configuration_name": "public-ip-config",
            "frontend_port": 80,
            "id": "/subscriptions/945fbf19-fca5-4cb8-9924-2512c0381d15/resourceGroups/portfolio-resource-group/providers/Microsoft.Network/loadBalancers/portfolio-lb/loadBalancingRules/http-rule",
            "idle_timeout_in_minutes": 4,
            "load_distribution": "Default",
            "loadbalancer_id": "/subscriptions/945fbf19-fca5-4cb8-9924-2512c0381d15/resourceGroups/portfolio-resource-group/providers/Microsoft.Network/loadBalancers/portfolio-lb",
            "name": "http-rule",
            "probe_id": "/subscriptions/945fbf19-fca5-4cb8-9924-2512c0381d15/resourceGroups/portfolio-resource-group/providers/Microsoft.Network/loadBalancers/portfolio-lb/probes/http-probe",
            "protocol": "Tcp",
            "timeouts": null
          },
          "sensitive_attributes": [],
          "identity_schema_version": 0,
          "private": "eyJlMmJmYjczMC1lY2FhLTExZTYtOGY4OC0zNDM2M2JjN2M0YzAiOnsiY3JlYXRlIjoxODAwMDAwMDAwMDAwLCJkZWxldGUiOjE4MDAwMDAwMDAwMDAsInJlYWQiOjMwMDAwMDAwMDAwMCwidXBkYXRlIjoxODAwMDAwMDAwMDAwfX0=",
          "dependencies": [
            "azurerm_lb.portfolio_lb",
            "azurerm_lb_backend_address_pool.portfolio_backend_pool",
            "azurerm_lb_probe.portfolio_probe",
            "azurerm_public_ip.portfolio_public_ip",
            "azurerm_resource_group.portfolio_rg"
          ]
        }
      ]
    },
    {
      "mode": "managed",
      "type": "azurerm_linux_virtual_machine",
      "name": "portfolio_vm",
      "provider": "provider[\"registry.terraform.io/hashicorp/azurerm\"]",
      "instances": [
        {
          "index_key": 0,
          "schema_version": 0,
          "attributes": {
            "additional_capabilities": [],
            "admin_password": null,
            "admin_ssh_key": [
              {
                "public_key": "ssh-rsa AAAAB3NzaC1yc2EAAAADAQABAAABgQC6yL/KiOvFQBT7PTixOAb7MznkriqQnU5GsasxR9i+l4ODWzfGEJxcUg7RifCQ25L5kjFHRyglxTa2Av/dYBmbnoSa/7o9IUq1ZtoXbYOiJSvlZ74ofmP5b2kSJ3S99fJN5Fm3FvCKTgnCLgai/S/4WeLPnAJ0HLBL9WL3ncsIFlU+yA8TWf4as//nrdojlM+HvpvvL6+j/l00d0woAJSJC0071gNu4uMYUeIV+eS2pSIdtxlFT8q8nus3mXbk2J5BCqrjBtNP6lFXP+/2waMIhmZUczJqkgTG5yJwctOVVTFCeN9mWgO3imTrgDlnteuZW25dUdrAbkzTFSpY2y6hvXREIOXQ4QS3UI0f89J293u09YX1zKJi/iCdx6RI4MHXTaie8COEAjNJ9qwO+wSl56e+XgpHCfyXC+jF91ni76pzD8a0sNTnFA5sTTRh3zt7vtn7HHBWilLHVWw+KcixF0y06jijpdMxvhhbF5HG/CeYhSwSmT6JLfuzEXd6ZUk=",
                "username": "azureuser"
              }
            ],
            "admin_username": "azureuser",
            "allow_extension_operations": true,
            "availability_set_id": "",
            "boot_diagnostics": [],
            "bypass_platform_safety_checks_on_user_schedule_enabled": false,
            "capacity_reservation_group_id": "",
            "computer_name": "portfolio-vm-0",
            "custom_data": "IyEvYmluL2Jhc2gNCnN1ZG8gYXB0LWdldCB1cGRhdGUNCnN1ZG8gYXB0LWdldCBpbnN0YWxsIC15IGRvY2tlci5pbyBnaXQgbmdpbnggY2VydGJvdCBweXRob24zLWNlcnRib3QtbmdpbnggZmFpbDJiYW4gcHJvbWV0aGV1cyBwcm9tZXRoZXVzLW5vZGUtZXhwb3J0ZXINCnN1ZG8gc3lzdGVtY3RsIHN0YXJ0IGRvY2tlcg0Kc3VkbyBzeXN0ZW1jdGwgZW5hYmxlIGRvY2tlcg0Kc3VkbyB1c2VybW9kIC1hRyBkb2NrZXIgYXp1cmV1c2VyDQpzdWRvIG1rZGlyIC1wIC92YXIvd3d3L3BvcnRmb2xpbw0Kc3VkbyBjaG93biBhenVyZXVzZXI6YXp1cmV1c2VyIC92YXIvd3d3L3BvcnRmb2xpbw0Kc3VkbyBzeXN0ZW1jdGwgZW5hYmxlIGZhaWwyYmFuDQpzdWRvIHN5c3RlbWN0bCBzdGFydCBmYWlsMmJhbg0Kc3VkbyBzeXN0ZW1jdGwgZW5hYmxlIHByb21ldGhldXMgcHJvbWV0aGV1cy1ub2RlLWV4cG9ydGVyDQpzdWRvIHN5c3RlbWN0bCBzdGFydCBwcm9tZXRoZXVzIHByb21ldGhldXMtbm9kZS1leHBvcnRlcg0K",
            "dedicated_host_group_id": "",
            "dedicated_host_id": "",
            "disable_password_authentication": true,
            "disk_controller_type": "SCSI",
            "edge_zone": "",
            "encryption_at_host_enabled": false,
            "eviction_policy": "",
            "extensions_time_budget": "PT1H30M",
            "gallery_application": [],
            "id": "/subscriptions/945fbf19-fca5-4cb8-9924-2512c0381d15/resourceGroups/portfolio-resource-group/providers/Microsoft.Compute/virtualMachines/portfolio-vm-0",
            "identity": [
              {
                "identity_ids": [],
                "principal_id": "74cde3e6-cb70-4676-8d0b-f32433d9aa52",
                "tenant_id": "dbd6664d-4eb9-46eb-99d8-5c43ba153c61",
                "type": "SystemAssigned"
              }
            ],
            "license_type": "",
            "location": "switzerlandnorth",
            "max_bid_price": -1,
            "name": "portfolio-vm-0",
            "network_interface_ids": [
              "/subscriptions/945fbf19-fca5-4cb8-9924-2512c0381d15/resourceGroups/portfolio-resource-group/providers/Microsoft.Network/networkInterfaces/portfolio-nic-0"
            ],
            "os_disk": [
              {
                "caching": "ReadWrite",
                "diff_disk_settings": [],
                "disk_encryption_set_id": "",
                "disk_size_gb": 30,
                "name": "portfolio-vm-0_OsDisk_1_a9e1b9db6f76421cb0ae4c7da058978e",
                "secure_vm_disk_encryption_set_id": "",
                "security_encryption_type": "",
                "storage_account_type": "Standard_LRS",
                "write_accelerator_enabled": false
              }
            ],
            "os_image_notification": [],
            "patch_assessment_mode": "ImageDefault",
            "patch_mode": "ImageDefault",
            "plan": [],
            "platform_fault_domain": -1,
            "priority": "Regular",
            "private_ip_address": "10.0.1.4",
            "private_ip_addresses": [
              "10.0.1.4"
            ],
            "provision_vm_agent": true,
            "proximity_placement_group_id": "",
            "public_ip_address": "",
            "public_ip_addresses": [],
            "reboot_setting": "",
            "resource_group_name": "portfolio-resource-group",
            "secret": [],
            "secure_boot_enabled": false,
            "size": "Standard_B1s",
            "source_image_id": "",
            "source_image_reference": [
              {
                "offer": "0001-com-ubuntu-server-jammy",
                "publisher": "Canonical",
                "sku": "22_04-lts-gen2",
                "version": "latest"
              }
            ],
            "tags": {},
            "termination_notification": [],
            "timeouts": null,
            "user_data": "",
            "virtual_machine_id": "d9d840c9-e842-43e7-91eb-a3f26d3a0f15",
            "virtual_machine_scale_set_id": "",
            "vm_agent_platform_updates_enabled": false,
            "vtpm_enabled": false,
            "zone": ""
          },
          "sensitive_attributes": [
            [
              {
                "type": "get_attr",
                "value": "admin_password"
              }
            ],
            [
              {
                "type": "get_attr",
                "value": "custom_data"
              }
            ]
          ],
          "identity_schema_version": 0,
          "private": "eyJlMmJmYjczMC1lY2FhLTExZTYtOGY4OC0zNDM2M2JjN2M0YzAiOnsiY3JlYXRlIjoyNzAwMDAwMDAwMDAwLCJkZWxldGUiOjI3MDAwMDAwMDAwMDAsInJlYWQiOjMwMDAwMDAwMDAwMCwidXBkYXRlIjoyNzAwMDAwMDAwMDAwfX0=",
          "dependencies": [
            "azurerm_lb.portfolio_lb",
            "azurerm_lb_backend_address_pool.portfolio_backend_pool",
            "azurerm_network_interface.portfolio_nic",
            "azurerm_network_interface_backend_address_pool_association.portfolio_nic_pool",
            "azurerm_network_interface_security_group_association.portfolio_nic_nsg",
            "azurerm_network_security_group.portfolio_nsg",
            "azurerm_public_ip.portfolio_public_ip",
            "azurerm_resource_group.portfolio_rg",
            "azurerm_subnet.portfolio_subnet",
            "azurerm_virtual_network.portfolio_vnet"
          ]
        },
        {
          "index_key": 1,
          "schema_version": 0,
          "attributes": {
            "additional_capabilities": [],
            "admin_password": null,
            "admin_ssh_key": [
              {
                "public_key": "ssh-rsa AAAAB3NzaC1yc2EAAAADAQABAAABgQC6yL/KiOvFQBT7PTixOAb7MznkriqQnU5GsasxR9i+l4ODWzfGEJxcUg7RifCQ25L5kjFHRyglxTa2Av/dYBmbnoSa/7o9IUq1ZtoXbYOiJSvlZ74ofmP5b2kSJ3S99fJN5Fm3FvCKTgnCLgai/S/4WeLPnAJ0HLBL9WL3ncsIFlU+yA8TWf4as//nrdojlM+HvpvvL6+j/l00d0woAJSJC0071gNu4uMYUeIV+eS2pSIdtxlFT8q8nus3mXbk2J5BCqrjBtNP6lFXP+/2waMIhmZUczJqkgTG5yJwctOVVTFCeN9mWgO3imTrgDlnteuZW25dUdrAbkzTFSpY2y6hvXREIOXQ4QS3UI0f89J293u09YX1zKJi/iCdx6RI4MHXTaie8COEAjNJ9qwO+wSl56e+XgpHCfyXC+jF91ni76pzD8a0sNTnFA5sTTRh3zt7vtn7HHBWilLHVWw+KcixF0y06jijpdMxvhhbF5HG/CeYhSwSmT6JLfuzEXd6ZUk=",
                "username": "azureuser"
              }
            ],
            "admin_username": "azureuser",
            "allow_extension_operations": true,
            "availability_set_id": "",
            "boot_diagnostics": [],
            "bypass_platform_safety_checks_on_user_schedule_enabled": false,
            "capacity_reservation_group_id": "",
            "computer_name": "portfolio-vm-1",
            "custom_data": "IyEvYmluL2Jhc2gNCnN1ZG8gYXB0LWdldCB1cGRhdGUNCnN1ZG8gYXB0LWdldCBpbnN0YWxsIC15IGRvY2tlci5pbyBnaXQgbmdpbnggY2VydGJvdCBweXRob24zLWNlcnRib3QtbmdpbnggZmFpbDJiYW4gcHJvbWV0aGV1cyBwcm9tZXRoZXVzLW5vZGUtZXhwb3J0ZXINCnN1ZG8gc3lzdGVtY3RsIHN0YXJ0IGRvY2tlcg0Kc3VkbyBzeXN0ZW1jdGwgZW5hYmxlIGRvY2tlcg0Kc3VkbyB1c2VybW9kIC1hRyBkb2NrZXIgYXp1cmV1c2VyDQpzdWRvIG1rZGlyIC1wIC92YXIvd3d3L3BvcnRmb2xpbw0Kc3VkbyBjaG93biBhenVyZXVzZXI6YXp1cmV1c2VyIC92YXIvd3d3L3BvcnRmb2xpbw0Kc3VkbyBzeXN0ZW1jdGwgZW5hYmxlIGZhaWwyYmFuDQpzdWRvIHN5c3RlbWN0bCBzdGFydCBmYWlsMmJhbg0Kc3VkbyBzeXN0ZW1jdGwgZW5hYmxlIHByb21ldGhldXMgcHJvbWV0aGV1cy1ub2RlLWV4cG9ydGVyDQpzdWRvIHN5c3RlbWN0bCBzdGFydCBwcm9tZXRoZXVzIHByb21ldGhldXMtbm9kZS1leHBvcnRlcg0K",
            "dedicated_host_group_id": "",
            "dedicated_host_id": "",
            "disable_password_authentication": true,
            "disk_controller_type": "SCSI",
            "edge_zone": "",
            "encryption_at_host_enabled": false,
            "eviction_policy": "",
            "extensions_time_budget": "PT1H30M",
            "gallery_application": [],
            "id": "/subscriptions/945fbf19-fca5-4cb8-9924-2512c0381d15/resourceGroups/portfolio-resource-group/providers/Microsoft.Compute/virtualMachines/portfolio-vm-1",
            "identity": [
              {
                "identity_ids": [],
                "principal_id": "bf9206f8-b201-443a-9eb8-9389c69993f1",
                "tenant_id": "dbd6664d-4eb9-46eb-99d8-5c43ba153c61",
                "type": "SystemAssigned"
              }
            ],
            "license_type": "",
            "location": "switzerlandnorth",
            "max_bid_price": -1,
            "name": "portfolio-vm-1",
            "network_interface_ids": [
              "/subscriptions/945fbf19-fca5-4cb8-9924-2512c0381d15/resourceGroups/portfolio-resource-group/providers/Microsoft.Network/networkInterfaces/portfolio-nic-1"
            ],
            "os_disk": [
              {
                "caching": "ReadWrite",
                "diff_disk_settings": [],
                "disk_encryption_set_id": "",
                "disk_size_gb": 30,
                "name": "portfolio-vm-1_OsDisk_1_de86fb6993d84d4ab27354ef395170da",
                "secure_vm_disk_encryption_set_id": "",
                "security_encryption_type": "",
                "storage_account_type": "Standard_LRS",
                "write_accelerator_enabled": false
              }
            ],
            "os_image_notification": [],
            "patch_assessment_mode": "ImageDefault",
            "patch_mode": "ImageDefault",
            "plan": [],
            "platform_fault_domain": -1,
            "priority": "Regular",
            "private_ip_address": "10.0.1.5",
            "private_ip_addresses": [
              "10.0.1.5"
            ],
            "provision_vm_agent": true,
            "proximity_placement_group_id": "",
            "public_ip_address": "",
            "public_ip_addresses": [],
            "reboot_setting": "",
            "resource_group_name": "portfolio-resource-group",
            "secret": [],
            "secure_boot_enabled": false,
            "size": "Standard_B1s",
            "source_image_id": "",
            "source_image_reference": [
              {
                "offer": "0001-com-ubuntu-server-jammy",
                "publisher": "Canonical",
                "sku": "22_04-lts-gen2",
                "version": "latest"
              }
            ],
            "tags": {},
            "termination_notification": [],
            "timeouts": null,
            "user_data": "",
            "virtual_machine_id": "21926cf0-fba9-4850-8e86-449012ac8ac4",
            "virtual_machine_scale_set_id": "",
            "vm_agent_platform_updates_enabled": false,
            "vtpm_enabled": false,
            "zone": ""
          },
          "sensitive_attributes": [
            [
              {
                "type": "get_attr",
                "value": "admin_password"
              }
            ],
            [
              {
                "type": "get_attr",
                "value": "custom_data"
              }
            ]
          ],
          "identity_schema_version": 0,
          "private": "eyJlMmJmYjczMC1lY2FhLTExZTYtOGY4OC0zNDM2M2JjN2M0YzAiOnsiY3JlYXRlIjoyNzAwMDAwMDAwMDAwLCJkZWxldGUiOjI3MDAwMDAwMDAwMDAsInJlYWQiOjMwMDAwMDAwMDAwMCwidXBkYXRlIjoyNzAwMDAwMDAwMDAwfX0=",
          "dependencies": [
            "azurerm_lb.portfolio_lb",
            "azurerm_lb_backend_address_pool.portfolio_backend_pool",
            "azurerm_network_interface.portfolio_nic",
            "azurerm_network_interface_backend_address_pool_association.portfolio_nic_pool",
            "azurerm_network_interface_security_group_association.portfolio_nic_nsg",
            "azurerm_network_security_group.portfolio_nsg",
            "azurerm_public_ip.portfolio_public_ip",
            "azurerm_resource_group.portfolio_rg",
            "azurerm_subnet.portfolio_subnet",
            "azurerm_virtual_network.portfolio_vnet"
          ]
        }
      ]
    },
    {
      "mode": "managed",
      "type": "azurerm_network_interface",
      "name": "portfolio_nic",
      "provider": "provider[\"registry.terraform.io/hashicorp/azurerm\"]",
      "instances": [
        {
          "index_key": 0,
          "schema_version": 0,
          "attributes": {
            "accelerated_networking_enabled": false,
            "applied_dns_servers": [],
            "auxiliary_mode": "",
            "auxiliary_sku": "",
            "dns_servers": [],
            "edge_zone": "",
            "enable_accelerated_networking": false,
            "enable_ip_forwarding": false,
            "id": "/subscriptions/945fbf19-fca5-4cb8-9924-2512c0381d15/resourceGroups/portfolio-resource-group/providers/Microsoft.Network/networkInterfaces/portfolio-nic-0",
            "internal_dns_name_label": "",
            "internal_domain_name_suffix": "5il1mrdp4uuu3jtsfaxmikv41g.zrhx.internal.cloudapp.net",
            "ip_configuration": [
              {
                "gateway_load_balancer_frontend_ip_configuration_id": "",
                "name": "internal",
                "primary": true,
                "private_ip_address": "10.0.1.4",
                "private_ip_address_allocation": "Dynamic",
                "private_ip_address_version": "IPv4",
                "public_ip_address_id": "",
                "subnet_id": "/subscriptions/945fbf19-fca5-4cb8-9924-2512c0381d15/resourceGroups/portfolio-resource-group/providers/Microsoft.Network/virtualNetworks/portfolio-vnet/subnets/portfolio-subnet"
              }
            ],
            "ip_forwarding_enabled": false,
            "location": "switzerlandnorth",
            "mac_address": "00-22-48-F3-C3-67",
            "name": "portfolio-nic-0",
            "private_ip_address": "10.0.1.4",
            "private_ip_addresses": [
              "10.0.1.4"
            ],
            "resource_group_name": "portfolio-resource-group",
            "tags": {},
            "timeouts": null,
            "virtual_machine_id": "/subscriptions/945fbf19-fca5-4cb8-9924-2512c0381d15/resourceGroups/portfolio-resource-group/providers/Microsoft.Compute/virtualMachines/portfolio-vm-0"
          },
          "sensitive_attributes": [],
          "identity_schema_version": 0,
          "private": "eyJlMmJmYjczMC1lY2FhLTExZTYtOGY4OC0zNDM2M2JjN2M0YzAiOnsiY3JlYXRlIjoxODAwMDAwMDAwMDAwLCJkZWxldGUiOjE4MDAwMDAwMDAwMDAsInJlYWQiOjMwMDAwMDAwMDAwMCwidXBkYXRlIjoxODAwMDAwMDAwMDAwfX0=",
          "dependencies": [
            "azurerm_resource_group.portfolio_rg",
            "azurerm_subnet.portfolio_subnet",
            "azurerm_virtual_network.portfolio_vnet"
          ]
        },
        {
          "index_key": 1,
          "schema_version": 0,
          "attributes": {
            "accelerated_networking_enabled": false,
            "applied_dns_servers": [],
            "auxiliary_mode": "",
            "auxiliary_sku": "",
            "dns_servers": [],
            "edge_zone": "",
            "enable_accelerated_networking": false,
            "enable_ip_forwarding": false,
            "id": "/subscriptions/945fbf19-fca5-4cb8-9924-2512c0381d15/resourceGroups/portfolio-resource-group/providers/Microsoft.Network/networkInterfaces/portfolio-nic-1",
            "internal_dns_name_label": "",
            "internal_domain_name_suffix": "5il1mrdp4uuu3jtsfaxmikv41g.zrhx.internal.cloudapp.net",
            "ip_configuration": [
              {
                "gateway_load_balancer_frontend_ip_configuration_id": "",
                "name": "internal",
                "primary": true,
                "private_ip_address": "10.0.1.5",
                "private_ip_address_allocation": "Dynamic",
                "private_ip_address_version": "IPv4",
                "public_ip_address_id": "",
                "subnet_id": "/subscriptions/945fbf19-fca5-4cb8-9924-2512c0381d15/resourceGroups/portfolio-resource-group/providers/Microsoft.Network/virtualNetworks/portfolio-vnet/subnets/portfolio-subnet"
              }
            ],
            "ip_forwarding_enabled": false,
            "location": "switzerlandnorth",
            "mac_address": "00-22-48-CA-59-41",
            "name": "portfolio-nic-1",
            "private_ip_address": "10.0.1.5",
            "private_ip_addresses": [
              "10.0.1.5"
            ],
            "resource_group_name": "portfolio-resource-group",
            "tags": {},
            "timeouts": null,
            "virtual_machine_id": "/subscriptions/945fbf19-fca5-4cb8-9924-2512c0381d15/resourceGroups/portfolio-resource-group/providers/Microsoft.Compute/virtualMachines/portfolio-vm-1"
          },
          "sensitive_attributes": [],
          "identity_schema_version": 0,
          "private": "eyJlMmJmYjczMC1lY2FhLTExZTYtOGY4OC0zNDM2M2JjN2M0YzAiOnsiY3JlYXRlIjoxODAwMDAwMDAwMDAwLCJkZWxldGUiOjE4MDAwMDAwMDAwMDAsInJlYWQiOjMwMDAwMDAwMDAwMCwidXBkYXRlIjoxODAwMDAwMDAwMDAwfX0=",
          "dependencies": [
            "azurerm_resource_group.portfolio_rg",
            "azurerm_subnet.portfolio_subnet",
            "azurerm_virtual_network.portfolio_vnet"
          ]
        }
      ]
    },
    {
      "mode": "managed",
      "type": "azurerm_network_interface_backend_address_pool_association",
      "name": "portfolio_nic_pool",
      "provider": "provider[\"registry.terraform.io/hashicorp/azurerm\"]",
      "instances": [
        {
          "index_key": 0,
          "schema_version": 0,
          "attributes": {
            "backend_address_pool_id": "/subscriptions/945fbf19-fca5-4cb8-9924-2512c0381d15/resourceGroups/portfolio-resource-group/providers/Microsoft.Network/loadBalancers/portfolio-lb/backendAddressPools/portfolio-backend-pool",
            "id": "/subscriptions/945fbf19-fca5-4cb8-9924-2512c0381d15/resourceGroups/portfolio-resource-group/providers/Microsoft.Network/networkInterfaces/portfolio-nic-0/ipConfigurations/internal|/subscriptions/945fbf19-fca5-4cb8-9924-2512c0381d15/resourceGroups/portfolio-resource-group/providers/Microsoft.Network/loadBalancers/portfolio-lb/backendAddressPools/portfolio-backend-pool",
            "ip_configuration_name": "internal",
            "network_interface_id": "/subscriptions/945fbf19-fca5-4cb8-9924-2512c0381d15/resourceGroups/portfolio-resource-group/providers/Microsoft.Network/networkInterfaces/portfolio-nic-0",
            "timeouts": null
          },
          "sensitive_attributes": [],
          "identity_schema_version": 0,
          "private": "eyJlMmJmYjczMC1lY2FhLTExZTYtOGY4OC0zNDM2M2JjN2M0YzAiOnsiY3JlYXRlIjoxODAwMDAwMDAwMDAwLCJkZWxldGUiOjE4MDAwMDAwMDAwMDAsInJlYWQiOjMwMDAwMDAwMDAwMH19",
          "dependencies": [
            "azurerm_lb.portfolio_lb",
            "azurerm_lb_backend_address_pool.portfolio_backend_pool",
            "azurerm_network_interface.portfolio_nic",
            "azurerm_public_ip.portfolio_public_ip",
            "azurerm_resource_group.portfolio_rg",
            "azurerm_subnet.portfolio_subnet",
            "azurerm_virtual_network.portfolio_vnet"
          ]
        },
        {
          "index_key": 1,
          "schema_version": 0,
          "attributes": {
            "backend_address_pool_id": "/subscriptions/945fbf19-fca5-4cb8-9924-2512c0381d15/resourceGroups/portfolio-resource-group/providers/Microsoft.Network/loadBalancers/portfolio-lb/backendAddressPools/portfolio-backend-pool",
            "id": "/subscriptions/945fbf19-fca5-4cb8-9924-2512c0381d15/resourceGroups/portfolio-resource-group/providers/Microsoft.Network/networkInterfaces/portfolio-nic-1/ipConfigurations/internal|/subscriptions/945fbf19-fca5-4cb8-9924-2512c0381d15/resourceGroups/portfolio-resource-group/providers/Microsoft.Network/loadBalancers/portfolio-lb/backendAddressPools/portfolio-backend-pool",
            "ip_configuration_name": "internal",
            "network_interface_id": "/subscriptions/945fbf19-fca5-4cb8-9924-2512c0381d15/resourceGroups/portfolio-resource-group/providers/Microsoft.Network/networkInterfaces/portfolio-nic-1",
            "timeouts": null
          },
          "sensitive_attributes": [],
          "identity_schema_version": 0,
          "private": "eyJlMmJmYjczMC1lY2FhLTExZTYtOGY4OC0zNDM2M2JjN2M0YzAiOnsiY3JlYXRlIjoxODAwMDAwMDAwMDAwLCJkZWxldGUiOjE4MDAwMDAwMDAwMDAsInJlYWQiOjMwMDAwMDAwMDAwMH19",
          "dependencies": [
            "azurerm_lb.portfolio_lb",
            "azurerm_lb_backend_address_pool.portfolio_backend_pool",
            "azurerm_network_interface.portfolio_nic",
            "azurerm_public_ip.portfolio_public_ip",
            "azurerm_resource_group.portfolio_rg",
            "azurerm_subnet.portfolio_subnet",
            "azurerm_virtual_network.portfolio_vnet"
          ]
        }
      ]
    },
    {
      "mode": "managed",
      "type": "azurerm_network_interface_security_group_association",
      "name": "portfolio_nic_nsg",
      "provider": "provider[\"registry.terraform.io/hashicorp/azurerm\"]",
      "instances": [
        {
          "index_key": 0,
          "schema_version": 0,
          "attributes": {
            "id": "/subscriptions/945fbf19-fca5-4cb8-9924-2512c0381d15/resourceGroups/portfolio-resource-group/providers/Microsoft.Network/networkInterfaces/portfolio-nic-0|/subscriptions/945fbf19-fca5-4cb8-9924-2512c0381d15/resourceGroups/portfolio-resource-group/providers/Microsoft.Network/networkSecurityGroups/portfolio-nsg",
            "network_interface_id": "/subscriptions/945fbf19-fca5-4cb8-9924-2512c0381d15/resourceGroups/portfolio-resource-group/providers/Microsoft.Network/networkInterfaces/portfolio-nic-0",
            "network_security_group_id": "/subscriptions/945fbf19-fca5-4cb8-9924-2512c0381d15/resourceGroups/portfolio-resource-group/providers/Microsoft.Network/networkSecurityGroups/portfolio-nsg",
            "timeouts": null
          },
          "sensitive_attributes": [],
          "identity_schema_version": 0,
          "private": "eyJlMmJmYjczMC1lY2FhLTExZTYtOGY4OC0zNDM2M2JjN2M0YzAiOnsiY3JlYXRlIjoxODAwMDAwMDAwMDAwLCJkZWxldGUiOjE4MDAwMDAwMDAwMDAsInJlYWQiOjMwMDAwMDAwMDAwMH19",
          "dependencies": [
            "azurerm_network_interface.portfolio_nic",
            "azurerm_network_security_group.portfolio_nsg",
            "azurerm_resource_group.portfolio_rg",
            "azurerm_subnet.portfolio_subnet",
            "azurerm_virtual_network.portfolio_vnet"
          ]
        },
        {
          "index_key": 1,
          "schema_version": 0,
          "attributes": {
            "id": "/subscriptions/945fbf19-fca5-4cb8-9924-2512c0381d15/resourceGroups/portfolio-resource-group/providers/Microsoft.Network/networkInterfaces/portfolio-nic-1|/subscriptions/945fbf19-fca5-4cb8-9924-2512c0381d15/resourceGroups/portfolio-resource-group/providers/Microsoft.Network/networkSecurityGroups/portfolio-nsg",
            "network_interface_id": "/subscriptions/945fbf19-fca5-4cb8-9924-2512c0381d15/resourceGroups/portfolio-resource-group/providers/Microsoft.Network/networkInterfaces/portfolio-nic-1",
            "network_security_group_id": "/subscriptions/945fbf19-fca5-4cb8-9924-2512c0381d15/resourceGroups/portfolio-resource-group/providers/Microsoft.Network/networkSecurityGroups/portfolio-nsg",
            "timeouts": null
          },
          "sensitive_attributes": [],
          "identity_schema_version": 0,
          "private": "eyJlMmJmYjczMC1lY2FhLTExZTYtOGY4OC0zNDM2M2JjN2M0YzAiOnsiY3JlYXRlIjoxODAwMDAwMDAwMDAwLCJkZWxldGUiOjE4MDAwMDAwMDAwMDAsInJlYWQiOjMwMDAwMDAwMDAwMH19",
          "dependencies": [
            "azurerm_network_interface.portfolio_nic",
            "azurerm_network_security_group.portfolio_nsg",
            "azurerm_resource_group.portfolio_rg",
            "azurerm_subnet.portfolio_subnet",
            "azurerm_virtual_network.portfolio_vnet"
          ]
        }
      ]
    },
    {
      "mode": "managed",
      "type": "azurerm_network_security_group",
      "name": "portfolio_nsg",
      "provider": "provider[\"registry.terraform.io/hashicorp/azurerm\"]",
      "instances": [
        {
          "schema_version": 0,
          "attributes": {
            "id": "/subscriptions/945fbf19-fca5-4cb8-9924-2512c0381d15/resourceGroups/portfolio-resource-group/providers/Microsoft.Network/networkSecurityGroups/portfolio-nsg",
            "location": "switzerlandnorth",
            "name": "portfolio-nsg",
            "resource_group_name": "portfolio-resource-group",
            "security_rule": [
              {
                "access": "Allow",
                "description": "",
                "destination_address_prefix": "*",
                "destination_address_prefixes": [],
                "destination_application_security_group_ids": [],
                "destination_port_range": "22",
                "destination_port_ranges": [],
                "direction": "Inbound",
                "name": "allow-ssh",
                "priority": 100,
                "protocol": "Tcp",
                "source_address_prefix": "197.14.91.102/32",
                "source_address_prefixes": [],
                "source_application_security_group_ids": [],
                "source_port_range": "*",
                "source_port_ranges": []
              },
              {
                "access": "Allow",
                "description": "",
                "destination_address_prefix": "*",
                "destination_address_prefixes": [],
                "destination_application_security_group_ids": [],
                "destination_port_range": "3000",
                "destination_port_ranges": [],
                "direction": "Inbound",
                "name": "allow-app-port",
                "priority": 130,
                "protocol": "Tcp",
                "source_address_prefix": "*",
                "source_address_prefixes": [],
                "source_application_security_group_ids": [],
                "source_port_range": "*",
                "source_port_ranges": []
              },
              {
                "access": "Allow",
                "description": "",
                "destination_address_prefix": "*",
                "destination_address_prefixes": [],
                "destination_application_security_group_ids": [],
                "destination_port_range": "3000",
                "destination_port_ranges": [],
                "direction": "Inbound",
                "name": "allow-grafana",
                "priority": 150,
                "protocol": "Tcp",
                "source_address_prefix": "*",
                "source_address_prefixes": [],
                "source_application_security_group_ids": [],
                "source_port_range": "*",
                "source_port_ranges": []
              },
              {
                "access": "Allow",
                "description": "",
                "destination_address_prefix": "*",
                "destination_address_prefixes": [],
                "destination_application_security_group_ids": [],
                "destination_port_range": "443",
                "destination_port_ranges": [],
                "direction": "Inbound",
                "name": "allow-https",
                "priority": 120,
                "protocol": "Tcp",
                "source_address_prefix": "*",
                "source_address_prefixes": [],
                "source_application_security_group_ids": [],
                "source_port_range": "*",
                "source_port_ranges": []
              },
              {
                "access": "Allow",
                "description": "",
                "destination_address_prefix": "*",
                "destination_address_prefixes": [],
                "destination_application_security_group_ids": [],
                "destination_port_range": "80",
                "destination_port_ranges": [],
                "direction": "Inbound",
                "name": "allow-http",
                "priority": 110,
                "protocol": "Tcp",
                "source_address_prefix": "*",
                "source_address_prefixes": [],
                "source_application_security_group_ids": [],
                "source_port_range": "*",
                "source_port_ranges": []
              },
              {
                "access": "Allow",
                "description": "",
                "destination_address_prefix": "*",
                "destination_address_prefixes": [],
                "destination_application_security_group_ids": [],
                "destination_port_range": "9090",
                "destination_port_ranges": [],
                "direction": "Inbound",
                "name": "allow-prometheus",
                "priority": 140,
                "protocol": "Tcp",
                "source_address_prefix": "*",
                "source_address_prefixes": [],
                "source_application_security_group_ids": [],
                "source_port_range": "*",
                "source_port_ranges": []
              }
            ],
            "tags": {},
            "timeouts": null
          },
          "sensitive_attributes": [],
          "identity_schema_version": 0,
          "private": "eyJlMmJmYjczMC1lY2FhLTExZTYtOGY4OC0zNDM2M2JjN2M0YzAiOnsiY3JlYXRlIjoxODAwMDAwMDAwMDAwLCJkZWxldGUiOjE4MDAwMDAwMDAwMDAsInJlYWQiOjMwMDAwMDAwMDAwMCwidXBkYXRlIjoxODAwMDAwMDAwMDAwfX0=",
          "dependencies": [
            "azurerm_resource_group.portfolio_rg"
          ]
        }
      ]
    },
    {
      "mode": "managed",
      "type": "azurerm_public_ip",
      "name": "bastion_public_ip",
      "provider": "provider[\"registry.terraform.io/hashicorp/azurerm\"]",
      "instances": [
        {
          "schema_version": 0,
          "attributes": {
            "allocation_method": "Static",
            "ddos_protection_mode": "VirtualNetworkInherited",
            "ddos_protection_plan_id": null,
            "domain_name_label": null,
            "edge_zone": "",
            "fqdn": null,
            "id": "/subscriptions/945fbf19-fca5-4cb8-9924-2512c0381d15/resourceGroups/portfolio-resource-group/providers/Microsoft.Network/publicIPAddresses/bastion-public-ip",
            "idle_timeout_in_minutes": 4,
            "ip_address": "172.161.92.118",
            "ip_tags": {},
            "ip_version": "IPv4",
            "location": "switzerlandnorth",
            "name": "bastion-public-ip",
            "public_ip_prefix_id": null,
            "resource_group_name": "portfolio-resource-group",
            "reverse_fqdn": null,
            "sku": "Standard",
            "sku_tier": "Regional",
            "tags": {},
            "timeouts": null,
            "zones": []
          },
          "sensitive_attributes": [],
          "identity_schema_version": 0,
          "private": "eyJlMmJmYjczMC1lY2FhLTExZTYtOGY4OC0zNDM2M2JjN2M0YzAiOnsiY3JlYXRlIjoxODAwMDAwMDAwMDAwLCJkZWxldGUiOjE4MDAwMDAwMDAwMDAsInJlYWQiOjMwMDAwMDAwMDAwMCwidXBkYXRlIjoxODAwMDAwMDAwMDAwfX0=",
          "dependencies": [
            "azurerm_resource_group.portfolio_rg"
          ]
        }
      ]
    },
    {
      "mode": "managed",
      "type": "azurerm_public_ip",
      "name": "portfolio_public_ip",
      "provider": "provider[\"registry.terraform.io/hashicorp/azurerm\"]",
      "instances": [
        {
          "schema_version": 0,
          "attributes": {
            "allocation_method": "Static",
            "ddos_protection_mode": "VirtualNetworkInherited",
            "ddos_protection_plan_id": null,
            "domain_name_label": null,
            "edge_zone": "",
            "fqdn": null,
            "id": "/subscriptions/945fbf19-fca5-4cb8-9924-2512c0381d15/resourceGroups/portfolio-resource-group/providers/Microsoft.Network/publicIPAddresses/portfolio-public-ip",
            "idle_timeout_in_minutes": 4,
            "ip_address": "172.161.91.182",
            "ip_tags": {},
            "ip_version": "IPv4",
            "location": "switzerlandnorth",
            "name": "portfolio-public-ip",
            "public_ip_prefix_id": null,
            "resource_group_name": "portfolio-resource-group",
            "reverse_fqdn": null,
            "sku": "Standard",
            "sku_tier": "Regional",
            "tags": {},
            "timeouts": null,
            "zones": []
          },
          "sensitive_attributes": [],
          "identity_schema_version": 0,
          "private": "eyJlMmJmYjczMC1lY2FhLTExZTYtOGY4OC0zNDM2M2JjN2M0YzAiOnsiY3JlYXRlIjoxODAwMDAwMDAwMDAwLCJkZWxldGUiOjE4MDAwMDAwMDAwMDAsInJlYWQiOjMwMDAwMDAwMDAwMCwidXBkYXRlIjoxODAwMDAwMDAwMDAwfX0=",
          "dependencies": [
            "azurerm_resource_group.portfolio_rg"
          ]
        }
      ]
    },
    {
      "mode": "managed",
      "type": "azurerm_resource_group",
      "name": "portfolio_rg",
      "provider": "provider[\"registry.terraform.io/hashicorp/azurerm\"]",
      "instances": [
        {
          "schema_version": 0,
          "attributes": {
            "id": "/subscriptions/945fbf19-fca5-4cb8-9924-2512c0381d15/resourceGroups/portfolio-resource-group",
            "location": "switzerlandnorth",
            "managed_by": "",
            "name": "portfolio-resource-group",
            "tags": {},
            "timeouts": null
          },
          "sensitive_attributes": [],
          "identity_schema_version": 0,
          "private": "eyJlMmJmYjczMC1lY2FhLTExZTYtOGY4OC0zNDM2M2JjN2M0YzAiOnsiY3JlYXRlIjo1NDAwMDAwMDAwMDAwLCJkZWxldGUiOjU0MDAwMDAwMDAwMDAsInJlYWQiOjMwMDAwMDAwMDAwMCwidXBkYXRlIjo1NDAwMDAwMDAwMDAwfX0="
        }
      ]
    },
    {
      "mode": "managed",
      "type": "azurerm_storage_account",
      "name": "portfolio_backup",
      "provider": "provider[\"registry.terraform.io/hashicorp/azurerm\"]",
      "instances": [
        {
          "schema_version": 4,
          "attributes": {
            "access_tier": "Hot",
            "account_kind": "StorageV2",
            "account_replication_type": "LRS",
            "account_tier": "Standard",
            "allow_nested_items_to_be_public": true,
            "allowed_copy_scope": "",
            "azure_files_authentication": [],
            "blob_properties": [
              {
                "change_feed_enabled": false,
                "change_feed_retention_in_days": 0,
                "container_delete_retention_policy": [],
                "cors_rule": [],
                "default_service_version": "",
                "delete_retention_policy": [],
                "last_access_time_enabled": false,
                "restore_policy": [],
                "versioning_enabled": false
              }
            ],
            "cross_tenant_replication_enabled": true,
            "custom_domain": [],
            "customer_managed_key": [],
            "default_to_oauth_authentication": false,
            "dns_endpoint_type": "Standard",
            "edge_zone": "",
            "enable_https_traffic_only": true,
            "https_traffic_only_enabled": true,
            "id": "/subscriptions/945fbf19-fca5-4cb8-9924-2512c0381d15/resourceGroups/portfolio-resource-group/providers/Microsoft.Storage/storageAccounts/portfoliobackupqpnhpl",
            "identity": [],
            "immutability_policy": [],
            "infrastructure_encryption_enabled": false,
            "is_hns_enabled": false,
            "large_file_share_enabled": false,
            "local_user_enabled": true,
            "location": "switzerlandnorth",
            "min_tls_version": "TLS1_2",
            "name": "portfoliobackupqpnhpl",
            "network_rules": [],
            "nfsv3_enabled": false,
            "primary_access_key": "fK+SDxBC1O2asKEj/LQa9+ZnR537cg/l1iGRD+OoWgl5kdrlGQwHoc0AGxVLBBraCWTaZnMWjsaw+AStU7k++w==",
            "primary_blob_connection_string": "DefaultEndpointsProtocol=https;BlobEndpoint=https://portfoliobackupqpnhpl.blob.core.windows.net/;AccountName=portfoliobackupqpnhpl;AccountKey=fK+SDxBC1O2asKEj/LQa9+ZnR537cg/l1iGRD+OoWgl5kdrlGQwHoc0AGxVLBBraCWTaZnMWjsaw+AStU7k++w==",
            "primary_blob_endpoint": "https://portfoliobackupqpnhpl.blob.core.windows.net/",
            "primary_blob_host": "portfoliobackupqpnhpl.blob.core.windows.net",
            "primary_blob_internet_endpoint": "",
            "primary_blob_internet_host": "",
            "primary_blob_microsoft_endpoint": "",
            "primary_blob_microsoft_host": "",
            "primary_connection_string": "DefaultEndpointsProtocol=https;AccountName=portfoliobackupqpnhpl;AccountKey=fK+SDxBC1O2asKEj/LQa9+ZnR537cg/l1iGRD+OoWgl5kdrlGQwHoc0AGxVLBBraCWTaZnMWjsaw+AStU7k++w==;EndpointSuffix=core.windows.net",
            "primary_dfs_endpoint": "https://portfoliobackupqpnhpl.dfs.core.windows.net/",
            "primary_dfs_host": "portfoliobackupqpnhpl.dfs.core.windows.net",
            "primary_dfs_internet_endpoint": "",
            "primary_dfs_internet_host": "",
            "primary_dfs_microsoft_endpoint": "",
            "primary_dfs_microsoft_host": "",
            "primary_file_endpoint": "https://portfoliobackupqpnhpl.file.core.windows.net/",
            "primary_file_host": "portfoliobackupqpnhpl.file.core.windows.net",
            "primary_file_internet_endpoint": "",
            "primary_file_internet_host": "",
            "primary_file_microsoft_endpoint": "",
            "primary_file_microsoft_host": "",
            "primary_location": "switzerlandnorth",
            "primary_queue_endpoint": "https://portfoliobackupqpnhpl.queue.core.windows.net/",
            "primary_queue_host": "portfoliobackupqpnhpl.queue.core.windows.net",
            "primary_queue_microsoft_endpoint": "",
            "primary_queue_microsoft_host": "",
            "primary_table_endpoint": "https://portfoliobackupqpnhpl.table.core.windows.net/",
            "primary_table_host": "portfoliobackupqpnhpl.table.core.windows.net",
            "primary_table_microsoft_endpoint": "",
            "primary_table_microsoft_host": "",
            "primary_web_endpoint": "https://portfoliobackupqpnhpl.z1.web.core.windows.net/",
            "primary_web_host": "portfoliobackupqpnhpl.z1.web.core.windows.net",
            "primary_web_internet_endpoint": "",
            "primary_web_internet_host": "",
            "primary_web_microsoft_endpoint": "",
            "primary_web_microsoft_host": "",
            "public_network_access_enabled": true,
            "queue_encryption_key_type": "Service",
            "queue_properties": [
              {
                "cors_rule": [],
                "hour_metrics": [
                  {
                    "enabled": false,
                    "include_apis": false,
                    "retention_policy_days": 0,
                    "version": "1.0"
                  }
                ],
                "logging": [
                  {
                    "delete": false,
                    "read": false,
                    "retention_policy_days": 0,
                    "version": "1.0",
                    "write": false
                  }
                ],
                "minute_metrics": [
                  {
                    "enabled": false,
                    "include_apis": false,
                    "retention_policy_days": 0,
                    "version": "1.0"
                  }
                ]
              }
            ],
            "resource_group_name": "portfolio-resource-group",
            "routing": [],
            "sas_policy": [],
            "secondary_access_key": "TJh1I3eesPYNlvbQ22niQ3y220BRgW+x0yCzy7KF1aoh6Me0wAZkhlWzHCRQF4lwYCAjkYUsUKgi+AStt94tZA==",
            "secondary_blob_connection_string": "",
            "secondary_blob_endpoint": "",
            "secondary_blob_host": "",
            "secondary_blob_internet_endpoint": "",
            "secondary_blob_internet_host": "",
            "secondary_blob_microsoft_endpoint": "",
            "secondary_blob_microsoft_host": "",
            "secondary_connection_string": "DefaultEndpointsProtocol=https;AccountName=portfoliobackupqpnhpl;AccountKey=TJh1I3eesPYNlvbQ22niQ3y220BRgW+x0yCzy7KF1aoh6Me0wAZkhlWzHCRQF4lwYCAjkYUsUKgi+AStt94tZA==;EndpointSuffix=core.windows.net",
            "secondary_dfs_endpoint": "",
            "secondary_dfs_host": "",
            "secondary_dfs_internet_endpoint": "",
            "secondary_dfs_internet_host": "",
            "secondary_dfs_microsoft_endpoint": "",
            "secondary_dfs_microsoft_host": "",
            "secondary_file_endpoint": "",
            "secondary_file_host": "",
            "secondary_file_internet_endpoint": "",
            "secondary_file_internet_host": "",
            "secondary_file_microsoft_endpoint": "",
            "secondary_file_microsoft_host": "",
            "secondary_location": "",
            "secondary_queue_endpoint": "",
            "secondary_queue_host": "",
            "secondary_queue_microsoft_endpoint": "",
            "secondary_queue_microsoft_host": "",
            "secondary_table_endpoint": "",
            "secondary_table_host": "",
            "secondary_table_microsoft_endpoint": "",
            "secondary_table_microsoft_host": "",
            "secondary_web_endpoint": "",
            "secondary_web_host": "",
            "secondary_web_internet_endpoint": "",
            "secondary_web_internet_host": "",
            "secondary_web_microsoft_endpoint": "",
            "secondary_web_microsoft_host": "",
            "sftp_enabled": false,
            "share_properties": [
              {
                "cors_rule": [],
                "retention_policy": [
                  {
                    "days": 7
                  }
                ],
                "smb": []
              }
            ],
            "shared_access_key_enabled": true,
            "static_website": [],
            "table_encryption_key_type": "Service",
            "tags": {},
            "timeouts": null
          },
          "sensitive_attributes": [
            [
              {
                "type": "get_attr",
                "value": "primary_access_key"
              }
            ],
            [
              {
                "type": "get_attr",
                "value": "primary_blob_connection_string"
              }
            ],
            [
              {
                "type": "get_attr",
                "value": "primary_connection_string"
              }
            ],
            [
              {
                "type": "get_attr",
                "value": "secondary_access_key"
              }
            ],
            [
              {
                "type": "get_attr",
                "value": "secondary_blob_connection_string"
              }
            ],
            [
              {
                "type": "get_attr",
                "value": "secondary_connection_string"
              }
            ]
          ],
          "identity_schema_version": 0,
          "private": "eyJlMmJmYjczMC1lY2FhLTExZTYtOGY4OC0zNDM2M2JjN2M0YzAiOnsiY3JlYXRlIjozNjAwMDAwMDAwMDAwLCJkZWxldGUiOjM2MDAwMDAwMDAwMDAsInJlYWQiOjMwMDAwMDAwMDAwMCwidXBkYXRlIjozNjAwMDAwMDAwMDAwfSwic2NoZW1hX3ZlcnNpb24iOiI0In0=",
          "dependencies": [
            "azurerm_resource_group.portfolio_rg",
            "random_string.suffix"
          ]
        }
      ]
    },
    {
      "mode": "managed",
      "type": "azurerm_storage_container",
      "name": "backups",
      "provider": "provider[\"registry.terraform.io/hashicorp/azurerm\"]",
      "instances": [
        {
          "schema_version": 1,
          "attributes": {
            "container_access_type": "private",
            "default_encryption_scope": "$account-encryption-key",
            "encryption_scope_override_enabled": true,
            "has_immutability_policy": false,
            "has_legal_hold": false,
            "id": "https://portfoliobackupqpnhpl.blob.core.windows.net/backups",
            "metadata": {},
            "name": "backups",
            "resource_manager_id": "/subscriptions/945fbf19-fca5-4cb8-9924-2512c0381d15/resourceGroups/portfolio-resource-group/providers/Microsoft.Storage/storageAccounts/portfoliobackupqpnhpl/blobServices/default/containers/backups",
            "storage_account_name": "portfoliobackupqpnhpl",
            "timeouts": null
          },
          "sensitive_attributes": [],
          "identity_schema_version": 0,
          "private": "eyJlMmJmYjczMC1lY2FhLTExZTYtOGY4OC0zNDM2M2JjN2M0YzAiOnsiY3JlYXRlIjoxODAwMDAwMDAwMDAwLCJkZWxldGUiOjE4MDAwMDAwMDAwMDAsInJlYWQiOjMwMDAwMDAwMDAwMCwidXBkYXRlIjoxODAwMDAwMDAwMDAwfSwic2NoZW1hX3ZlcnNpb24iOiIxIn0=",
          "dependencies": [
            "azurerm_resource_group.portfolio_rg",
            "azurerm_storage_account.portfolio_backup",
            "random_string.suffix"
          ]
        }
      ]
    },
    {
      "mode": "managed",
      "type": "azurerm_subnet",
      "name": "bastion_subnet",
      "provider": "provider[\"registry.terraform.io/hashicorp/azurerm\"]",
      "instances": [
        {
          "schema_version": 0,
          "attributes": {
            "address_prefixes": [
              "10.0.2.0/24"
            ],
            "default_outbound_access_enabled": true,
            "delegation": [],
            "enforce_private_link_endpoint_network_policies": false,
            "enforce_private_link_service_network_policies": false,
            "id": "/subscriptions/945fbf19-fca5-4cb8-9924-2512c0381d15/resourceGroups/portfolio-resource-group/providers/Microsoft.Network/virtualNetworks/portfolio-vnet/subnets/AzureBastionSubnet",
            "name": "AzureBastionSubnet",
            "private_endpoint_network_policies": "Enabled",
            "private_endpoint_network_policies_enabled": true,
            "private_link_service_network_policies_enabled": true,
            "resource_group_name": "portfolio-resource-group",
            "service_endpoint_policy_ids": [],
            "service_endpoints": [],
            "timeouts": null,
            "virtual_network_name": "portfolio-vnet"
          },
          "sensitive_attributes": [],
          "identity_schema_version": 0,
          "private": "eyJlMmJmYjczMC1lY2FhLTExZTYtOGY4OC0zNDM2M2JjN2M0YzAiOnsiY3JlYXRlIjoxODAwMDAwMDAwMDAwLCJkZWxldGUiOjE4MDAwMDAwMDAwMDAsInJlYWQiOjMwMDAwMDAwMDAwMCwidXBkYXRlIjoxODAwMDAwMDAwMDAwfX0=",
          "dependencies": [
            "azurerm_resource_group.portfolio_rg",
            "azurerm_virtual_network.portfolio_vnet"
          ]
        }
      ]
    },
    {
      "mode": "managed",
      "type": "azurerm_subnet",
      "name": "portfolio_subnet",
      "provider": "provider[\"registry.terraform.io/hashicorp/azurerm\"]",
      "instances": [
        {
          "schema_version": 0,
          "attributes": {
            "address_prefixes": [
              "10.0.1.0/24"
            ],
            "default_outbound_access_enabled": true,
            "delegation": [],
            "enforce_private_link_endpoint_network_policies": false,
            "enforce_private_link_service_network_policies": false,
            "id": "/subscriptions/945fbf19-fca5-4cb8-9924-2512c0381d15/resourceGroups/portfolio-resource-group/providers/Microsoft.Network/virtualNetworks/portfolio-vnet/subnets/portfolio-subnet",
            "name": "portfolio-subnet",
            "private_endpoint_network_policies": "Enabled",
            "private_endpoint_network_policies_enabled": true,
            "private_link_service_network_policies_enabled": true,
            "resource_group_name": "portfolio-resource-group",
            "service_endpoint_policy_ids": [],
            "service_endpoints": [],
            "timeouts": null,
            "virtual_network_name": "portfolio-vnet"
          },
          "sensitive_attributes": [],
          "identity_schema_version": 0,
          "private": "eyJlMmJmYjczMC1lY2FhLTExZTYtOGY4OC0zNDM2M2JjN2M0YzAiOnsiY3JlYXRlIjoxODAwMDAwMDAwMDAwLCJkZWxldGUiOjE4MDAwMDAwMDAwMDAsInJlYWQiOjMwMDAwMDAwMDAwMCwidXBkYXRlIjoxODAwMDAwMDAwMDAwfX0=",
          "dependencies": [
            "azurerm_resource_group.portfolio_rg",
            "azurerm_virtual_network.portfolio_vnet"
          ]
        }
      ]
    },
    {
      "mode": "managed",
      "type": "azurerm_virtual_network",
      "name": "portfolio_vnet",
      "provider": "provider[\"registry.terraform.io/hashicorp/azurerm\"]",
      "instances": [
        {
          "schema_version": 0,
          "attributes": {
            "address_space": [
              "10.0.0.0/16"
            ],
            "bgp_community": "",
            "ddos_protection_plan": [],
            "dns_servers": [],
            "edge_zone": "",
            "encryption": [],
            "flow_timeout_in_minutes": 0,
            "guid": "44b617fa-f56f-4e29-a672-282ec42abede",
            "id": "/subscriptions/945fbf19-fca5-4cb8-9924-2512c0381d15/resourceGroups/portfolio-resource-group/providers/Microsoft.Network/virtualNetworks/portfolio-vnet",
            "location": "switzerlandnorth",
            "name": "portfolio-vnet",
            "resource_group_name": "portfolio-resource-group",
            "subnet": [
              {
                "address_prefix": "10.0.1.0/24",
                "id": "/subscriptions/945fbf19-fca5-4cb8-9924-2512c0381d15/resourceGroups/portfolio-resource-group/providers/Microsoft.Network/virtualNetworks/portfolio-vnet/subnets/portfolio-subnet",
                "name": "portfolio-subnet",
                "security_group": ""
              },
              {
                "address_prefix": "10.0.2.0/24",
                "id": "/subscriptions/945fbf19-fca5-4cb8-9924-2512c0381d15/resourceGroups/portfolio-resource-group/providers/Microsoft.Network/virtualNetworks/portfolio-vnet/subnets/AzureBastionSubnet",
                "name": "AzureBastionSubnet",
                "security_group": ""
              }
            ],
            "tags": {},
            "timeouts": null
          },
          "sensitive_attributes": [],
          "identity_schema_version": 0,
          "private": "eyJlMmJmYjczMC1lY2FhLTExZTYtOGY4OC0zNDM2M2JjN2M0YzAiOnsiY3JlYXRlIjoxODAwMDAwMDAwMDAwLCJkZWxldGUiOjE4MDAwMDAwMDAwMDAsInJlYWQiOjMwMDAwMDAwMDAwMCwidXBkYXRlIjoxODAwMDAwMDAwMDAwfX0=",
          "dependencies": [
            "azurerm_resource_group.portfolio_rg"
          ]
        }
      ]
    },
    {
      "mode": "managed",
      "type": "random_string",
      "name": "suffix",
      "provider": "provider[\"registry.terraform.io/hashicorp/random\"]",
      "instances": [
        {
          "schema_version": 2,
          "attributes": {
            "id": "qpnhpl",
            "keepers": null,
            "length": 6,
            "lower": true,
            "min_lower": 0,
            "min_numeric": 0,
            "min_special": 0,
            "min_upper": 0,
            "number": true,
            "numeric": true,
            "override_special": null,
            "result": "qpnhpl",
            "special": false,
            "upper": false
          },
          "sensitive_attributes": [],
          "identity_schema_version": 0
        }
      ]
    }
  ],
  "check_results": null
}
